// !$*UTF8*$!
{
	archiveVersion = 1;
	classes = {
	};
	objectVersion = 46;
	objects = {

/* Begin PBXBuildFile section */
		353EF5C91E4CA58300EB8041 /* AppDelegate.swift in Sources */ = {isa = PBXBuildFile; fileRef = 353EF5C81E4CA58300EB8041 /* AppDelegate.swift */; };
		353EF5CB1E4CA58300EB8041 /* ViewController.swift in Sources */ = {isa = PBXBuildFile; fileRef = 353EF5CA1E4CA58300EB8041 /* ViewController.swift */; };
		353EF5CE1E4CA58300EB8041 /* Main.storyboard in Resources */ = {isa = PBXBuildFile; fileRef = 353EF5CC1E4CA58300EB8041 /* Main.storyboard */; };
		353EF5D01E4CA58300EB8041 /* Assets.xcassets in Resources */ = {isa = PBXBuildFile; fileRef = 353EF5CF1E4CA58300EB8041 /* Assets.xcassets */; };
		353EF5D31E4CA58300EB8041 /* LaunchScreen.storyboard in Resources */ = {isa = PBXBuildFile; fileRef = 353EF5D11E4CA58300EB8041 /* LaunchScreen.storyboard */; };
		353EF5DE1E4CA58400EB8041 /* Swix_DSPTests.swift in Sources */ = {isa = PBXBuildFile; fileRef = 353EF5DD1E4CA58400EB8041 /* Swix_DSPTests.swift */; };
		353EF5E91E4CA58400EB8041 /* Swix_DSPUITests.swift in Sources */ = {isa = PBXBuildFile; fileRef = 353EF5E81E4CA58400EB8041 /* Swix_DSPUITests.swift */; };
		353EF6181E4CA5AB00EB8041 /* imshow.py in Resources */ = {isa = PBXBuildFile; fileRef = 353EF5F71E4CA5AB00EB8041 /* imshow.py */; };
		353EF6191E4CA5AB00EB8041 /* io.swift in Sources */ = {isa = PBXBuildFile; fileRef = 353EF5F81E4CA5AB00EB8041 /* io.swift */; };
		353EF61A1E4CA5AB00EB8041 /* machine_learning.swift in Sources */ = {isa = PBXBuildFile; fileRef = 353EF5FA1E4CA5AB00EB8041 /* machine_learning.swift */; };
		353EF61B1E4CA5AB00EB8041 /* m-complex-math.swift in Sources */ = {isa = PBXBuildFile; fileRef = 353EF5FC1E4CA5AB00EB8041 /* m-complex-math.swift */; };
		353EF61C1E4CA5AB00EB8041 /* m-helper-functions.swift in Sources */ = {isa = PBXBuildFile; fileRef = 353EF5FD1E4CA5AB00EB8041 /* m-helper-functions.swift */; };
		353EF61D1E4CA5AB00EB8041 /* m-image.swift in Sources */ = {isa = PBXBuildFile; fileRef = 353EF5FE1E4CA5AB00EB8041 /* m-image.swift */; };
		353EF61E1E4CA5AB00EB8041 /* m-initing.swift in Sources */ = {isa = PBXBuildFile; fileRef = 353EF5FF1E4CA5AB00EB8041 /* m-initing.swift */; };
		353EF61F1E4CA5AB00EB8041 /* m-matrix.swift in Sources */ = {isa = PBXBuildFile; fileRef = 353EF6001E4CA5AB00EB8041 /* m-matrix.swift */; };
		353EF6201E4CA5AB00EB8041 /* m-operators.swift in Sources */ = {isa = PBXBuildFile; fileRef = 353EF6011E4CA5AB00EB8041 /* m-operators.swift */; };
		353EF6211E4CA5AB00EB8041 /* m-simple-math.swift in Sources */ = {isa = PBXBuildFile; fileRef = 353EF6021E4CA5AB00EB8041 /* m-simple-math.swift */; };
		353EF6221E4CA5AB00EB8041 /* numbers.swift in Sources */ = {isa = PBXBuildFile; fileRef = 353EF6031E4CA5AB00EB8041 /* numbers.swift */; };
		353EF6231E4CA5AB00EB8041 /* conversion.swift in Sources */ = {isa = PBXBuildFile; fileRef = 353EF6051E4CA5AB00EB8041 /* conversion.swift */; };
		353EF6241E4CA5AB00EB8041 /* machine_learning.mm in Sources */ = {isa = PBXBuildFile; fileRef = 353EF6061E4CA5AB00EB8041 /* machine_learning.mm */; };
		353EF6251E4CA5AB00EB8041 /* math.m in Sources */ = {isa = PBXBuildFile; fileRef = 353EF6071E4CA5AB00EB8041 /* math.m */; };
		353EF6261E4CA5AB00EB8041 /* opencv.mm in Sources */ = {isa = PBXBuildFile; fileRef = 353EF6091E4CA5AB00EB8041 /* opencv.mm */; };
		353EF6271E4CA5AB00EB8041 /* opencv2.framework in Frameworks */ = {isa = PBXBuildFile; fileRef = 353EF60A1E4CA5AB00EB8041 /* opencv2.framework */; };
		353EF6281E4CA5AB00EB8041 /* operations-and-indexing.m in Sources */ = {isa = PBXBuildFile; fileRef = 353EF60B1E4CA5AB00EB8041 /* operations-and-indexing.m */; };
		353EF6291E4CA5AB00EB8041 /* ScalarArithmetic-bleed.swift in Sources */ = {isa = PBXBuildFile; fileRef = 353EF60D1E4CA5AB00EB8041 /* ScalarArithmetic-bleed.swift */; };
		353EF62A1E4CA5AB00EB8041 /* speed.swift in Sources */ = {isa = PBXBuildFile; fileRef = 353EF60F1E4CA5AB00EB8041 /* speed.swift */; };
		353EF62B1E4CA5AB00EB8041 /* tests.swift in Sources */ = {isa = PBXBuildFile; fileRef = 353EF6101E4CA5AB00EB8041 /* tests.swift */; };
		353EF62C1E4CA5AB00EB8041 /* complex-math.swift in Sources */ = {isa = PBXBuildFile; fileRef = 353EF6121E4CA5AB00EB8041 /* complex-math.swift */; };
		353EF62D1E4CA5AB00EB8041 /* helper-functions.swift in Sources */ = {isa = PBXBuildFile; fileRef = 353EF6131E4CA5AB00EB8041 /* helper-functions.swift */; };
		353EF62E1E4CA5AB00EB8041 /* initing.swift in Sources */ = {isa = PBXBuildFile; fileRef = 353EF6141E4CA5AB00EB8041 /* initing.swift */; };
		353EF62F1E4CA5AB00EB8041 /* operators.swift in Sources */ = {isa = PBXBuildFile; fileRef = 353EF6151E4CA5AB00EB8041 /* operators.swift */; };
		353EF6301E4CA5AB00EB8041 /* simple-math.swift in Sources */ = {isa = PBXBuildFile; fileRef = 353EF6161E4CA5AB00EB8041 /* simple-math.swift */; };
		353EF6311E4CA5AB00EB8041 /* vector.swift in Sources */ = {isa = PBXBuildFile; fileRef = 353EF6171E4CA5AB00EB8041 /* vector.swift */; };
		353EF6331E4CA72F00EB8041 /* AudioEngine.swift in Sources */ = {isa = PBXBuildFile; fileRef = 353EF6321E4CA72F00EB8041 /* AudioEngine.swift */; };
		353EF6351E4CA7B200EB8041 /* DSP.swift in Sources */ = {isa = PBXBuildFile; fileRef = 353EF6341E4CA7B200EB8041 /* DSP.swift */; };
		356AA0431E57256600D55917 /* C4.framework in Frameworks */ = {isa = PBXBuildFile; fileRef = 354A92F61E57213B004A5A01 /* C4.framework */; };
		356AA0441E57256600D55917 /* C4.framework in Embed Frameworks */ = {isa = PBXBuildFile; fileRef = 354A92F61E57213B004A5A01 /* C4.framework */; settings = {ATTRIBUTES = (CodeSignOnCopy, RemoveHeadersOnCopy, ); }; };
		3596DA3D1E5335C500FD8562 /* AVTonePlayerUnit.swift in Sources */ = {isa = PBXBuildFile; fileRef = 3596DA3C1E5335C500FD8562 /* AVTonePlayerUnit.swift */; };
		3596DA411E53408000FD8562 /* Helpers.swift in Sources */ = {isa = PBXBuildFile; fileRef = 3596DA401E53408000FD8562 /* Helpers.swift */; };
		3596DA451E534FFA00FD8562 /* Doppler.swift in Sources */ = {isa = PBXBuildFile; fileRef = 3596DA441E534FFA00FD8562 /* Doppler.swift */; };
		35A6E0E61E53191F007BBFD3 /* Charts.framework in Frameworks */ = {isa = PBXBuildFile; fileRef = 35A6E0E11E53190D007BBFD3 /* Charts.framework */; };
		35A6E0E71E53191F007BBFD3 /* Charts.framework in Embed Frameworks */ = {isa = PBXBuildFile; fileRef = 35A6E0E11E53190D007BBFD3 /* Charts.framework */; settings = {ATTRIBUTES = (CodeSignOnCopy, RemoveHeadersOnCopy, ); }; };
		35B4D16D1E57427200C510FD /* Launch Screen2.storyboard in Resources */ = {isa = PBXBuildFile; fileRef = 35B4D16C1E57427200C510FD /* Launch Screen2.storyboard */; };
/* End PBXBuildFile section */

/* Begin PBXContainerItemProxy section */
		353EF5DA1E4CA58400EB8041 /* PBXContainerItemProxy */ = {
			isa = PBXContainerItemProxy;
			containerPortal = 353EF5BD1E4CA58300EB8041 /* Project object */;
			proxyType = 1;
			remoteGlobalIDString = 353EF5C41E4CA58300EB8041;
			remoteInfo = Swix_DSP;
		};
		353EF5E51E4CA58400EB8041 /* PBXContainerItemProxy */ = {
			isa = PBXContainerItemProxy;
			containerPortal = 353EF5BD1E4CA58300EB8041 /* Project object */;
			proxyType = 1;
			remoteGlobalIDString = 353EF5C41E4CA58300EB8041;
			remoteInfo = Swix_DSP;
		};
		354A92F51E57213B004A5A01 /* PBXContainerItemProxy */ = {
			isa = PBXContainerItemProxy;
			containerPortal = 354A92EF1E57213B004A5A01 /* C4iOS.xcodeproj */;
			proxyType = 2;
			remoteGlobalIDString = 614F824319DB5ED3001DF1D4;
			remoteInfo = C4;
		};
		354A92F71E57213B004A5A01 /* PBXContainerItemProxy */ = {
			isa = PBXContainerItemProxy;
			containerPortal = 354A92EF1E57213B004A5A01 /* C4iOS.xcodeproj */;
			proxyType = 2;
			remoteGlobalIDString = 614F824E19DB5ED4001DF1D4;
			remoteInfo = C4Tests;
		};
		354A92F91E57213B004A5A01 /* PBXContainerItemProxy */ = {
			isa = PBXContainerItemProxy;
			containerPortal = 354A92EF1E57213B004A5A01 /* C4iOS.xcodeproj */;
			proxyType = 2;
			remoteGlobalIDString = A96F505A1B5385A5002B3A46;
			remoteInfo = C4App;
		};
		356AA0451E57256600D55917 /* PBXContainerItemProxy */ = {
			isa = PBXContainerItemProxy;
			containerPortal = 354A92EF1E57213B004A5A01 /* C4iOS.xcodeproj */;
			proxyType = 1;
			remoteGlobalIDString = 614F824219DB5ED3001DF1D4;
			remoteInfo = C4;
		};
		35A6E0E01E53190D007BBFD3 /* PBXContainerItemProxy */ = {
			isa = PBXContainerItemProxy;
			containerPortal = 35A6E0DA1E53190D007BBFD3 /* Charts.xcodeproj */;
			proxyType = 2;
			remoteGlobalIDString = 06165F241D8110E600722320;
			remoteInfo = Charts;
		};
		35A6E0E21E53190D007BBFD3 /* PBXContainerItemProxy */ = {
			isa = PBXContainerItemProxy;
			containerPortal = 35A6E0DA1E53190D007BBFD3 /* Charts.xcodeproj */;
			proxyType = 2;
			remoteGlobalIDString = 06B120D51D811E6200D14B02;
			remoteInfo = ChartsRealm;
		};
		35A6E0E41E53190D007BBFD3 /* PBXContainerItemProxy */ = {
			isa = PBXContainerItemProxy;
			containerPortal = 35A6E0DA1E53190D007BBFD3 /* Charts.xcodeproj */;
			proxyType = 2;
			remoteGlobalIDString = 06165F2E1D8110E600722320;
			remoteInfo = ChartsTests;
		};
		35A6E0E81E53191F007BBFD3 /* PBXContainerItemProxy */ = {
			isa = PBXContainerItemProxy;
			containerPortal = 35A6E0DA1E53190D007BBFD3 /* Charts.xcodeproj */;
			proxyType = 1;
			remoteGlobalIDString = 06165F231D8110E600722320;
			remoteInfo = Charts;
		};
/* End PBXContainerItemProxy section */

/* Begin PBXCopyFilesBuildPhase section */
		358DC2771E53041700379F5D /* Embed Frameworks */ = {
			isa = PBXCopyFilesBuildPhase;
			buildActionMask = 2147483647;
			dstPath = "";
			dstSubfolderSpec = 10;
			files = (
				35A6E0E71E53191F007BBFD3 /* Charts.framework in Embed Frameworks */,
				356AA0441E57256600D55917 /* C4.framework in Embed Frameworks */,
			);
			name = "Embed Frameworks";
			runOnlyForDeploymentPostprocessing = 0;
		};
/* End PBXCopyFilesBuildPhase section */

/* Begin PBXFileReference section */
		353EF5C51E4CA58300EB8041 /* Swix_DSP.app */ = {isa = PBXFileReference; explicitFileType = wrapper.application; includeInIndex = 0; path = Swix_DSP.app; sourceTree = BUILT_PRODUCTS_DIR; };
		353EF5C81E4CA58300EB8041 /* AppDelegate.swift */ = {isa = PBXFileReference; lastKnownFileType = sourcecode.swift; path = AppDelegate.swift; sourceTree = "<group>"; };
		353EF5CA1E4CA58300EB8041 /* ViewController.swift */ = {isa = PBXFileReference; lastKnownFileType = sourcecode.swift; path = ViewController.swift; sourceTree = "<group>"; };
		353EF5CD1E4CA58300EB8041 /* Base */ = {isa = PBXFileReference; lastKnownFileType = file.storyboard; name = Base; path = Base.lproj/Main.storyboard; sourceTree = "<group>"; };
		353EF5CF1E4CA58300EB8041 /* Assets.xcassets */ = {isa = PBXFileReference; lastKnownFileType = folder.assetcatalog; path = Assets.xcassets; sourceTree = "<group>"; };
		353EF5D21E4CA58300EB8041 /* Base */ = {isa = PBXFileReference; lastKnownFileType = file.storyboard; name = Base; path = Base.lproj/LaunchScreen.storyboard; sourceTree = "<group>"; };
		353EF5D41E4CA58300EB8041 /* Info.plist */ = {isa = PBXFileReference; lastKnownFileType = text.plist.xml; path = Info.plist; sourceTree = "<group>"; };
		353EF5D91E4CA58400EB8041 /* Swix_DSPTests.xctest */ = {isa = PBXFileReference; explicitFileType = wrapper.cfbundle; includeInIndex = 0; path = Swix_DSPTests.xctest; sourceTree = BUILT_PRODUCTS_DIR; };
		353EF5DD1E4CA58400EB8041 /* Swix_DSPTests.swift */ = {isa = PBXFileReference; lastKnownFileType = sourcecode.swift; path = Swix_DSPTests.swift; sourceTree = "<group>"; };
		353EF5DF1E4CA58400EB8041 /* Info.plist */ = {isa = PBXFileReference; lastKnownFileType = text.plist.xml; path = Info.plist; sourceTree = "<group>"; };
		353EF5E41E4CA58400EB8041 /* Swix_DSPUITests.xctest */ = {isa = PBXFileReference; explicitFileType = wrapper.cfbundle; includeInIndex = 0; path = Swix_DSPUITests.xctest; sourceTree = BUILT_PRODUCTS_DIR; };
		353EF5E81E4CA58400EB8041 /* Swix_DSPUITests.swift */ = {isa = PBXFileReference; lastKnownFileType = sourcecode.swift; path = Swix_DSPUITests.swift; sourceTree = "<group>"; };
		353EF5EA1E4CA58400EB8041 /* Info.plist */ = {isa = PBXFileReference; lastKnownFileType = text.plist.xml; path = Info.plist; sourceTree = "<group>"; };
		353EF5F71E4CA5AB00EB8041 /* imshow.py */ = {isa = PBXFileReference; fileEncoding = 4; lastKnownFileType = text.script.python; path = imshow.py; sourceTree = "<group>"; };
		353EF5F81E4CA5AB00EB8041 /* io.swift */ = {isa = PBXFileReference; fileEncoding = 4; lastKnownFileType = sourcecode.swift; path = io.swift; sourceTree = "<group>"; };
		353EF5FA1E4CA5AB00EB8041 /* machine_learning.swift */ = {isa = PBXFileReference; fileEncoding = 4; lastKnownFileType = sourcecode.swift; path = machine_learning.swift; sourceTree = "<group>"; };
		353EF5FC1E4CA5AB00EB8041 /* m-complex-math.swift */ = {isa = PBXFileReference; fileEncoding = 4; lastKnownFileType = sourcecode.swift; path = "m-complex-math.swift"; sourceTree = "<group>"; };
		353EF5FD1E4CA5AB00EB8041 /* m-helper-functions.swift */ = {isa = PBXFileReference; fileEncoding = 4; lastKnownFileType = sourcecode.swift; path = "m-helper-functions.swift"; sourceTree = "<group>"; };
		353EF5FE1E4CA5AB00EB8041 /* m-image.swift */ = {isa = PBXFileReference; fileEncoding = 4; lastKnownFileType = sourcecode.swift; path = "m-image.swift"; sourceTree = "<group>"; };
		353EF5FF1E4CA5AB00EB8041 /* m-initing.swift */ = {isa = PBXFileReference; fileEncoding = 4; lastKnownFileType = sourcecode.swift; path = "m-initing.swift"; sourceTree = "<group>"; };
		353EF6001E4CA5AB00EB8041 /* m-matrix.swift */ = {isa = PBXFileReference; fileEncoding = 4; lastKnownFileType = sourcecode.swift; path = "m-matrix.swift"; sourceTree = "<group>"; };
		353EF6011E4CA5AB00EB8041 /* m-operators.swift */ = {isa = PBXFileReference; fileEncoding = 4; lastKnownFileType = sourcecode.swift; path = "m-operators.swift"; sourceTree = "<group>"; };
		353EF6021E4CA5AB00EB8041 /* m-simple-math.swift */ = {isa = PBXFileReference; fileEncoding = 4; lastKnownFileType = sourcecode.swift; path = "m-simple-math.swift"; sourceTree = "<group>"; };
		353EF6031E4CA5AB00EB8041 /* numbers.swift */ = {isa = PBXFileReference; fileEncoding = 4; lastKnownFileType = sourcecode.swift; path = numbers.swift; sourceTree = "<group>"; };
		353EF6051E4CA5AB00EB8041 /* conversion.swift */ = {isa = PBXFileReference; fileEncoding = 4; lastKnownFileType = sourcecode.swift; path = conversion.swift; sourceTree = "<group>"; };
		353EF6061E4CA5AB00EB8041 /* machine_learning.mm */ = {isa = PBXFileReference; fileEncoding = 4; lastKnownFileType = sourcecode.cpp.objcpp; path = machine_learning.mm; sourceTree = "<group>"; };
		353EF6071E4CA5AB00EB8041 /* math.m */ = {isa = PBXFileReference; fileEncoding = 4; lastKnownFileType = sourcecode.c.objc; path = math.m; sourceTree = "<group>"; };
		353EF6081E4CA5AB00EB8041 /* OpenCV.h */ = {isa = PBXFileReference; fileEncoding = 4; lastKnownFileType = sourcecode.c.h; path = OpenCV.h; sourceTree = "<group>"; };
		353EF6091E4CA5AB00EB8041 /* opencv.mm */ = {isa = PBXFileReference; fileEncoding = 4; lastKnownFileType = sourcecode.cpp.objcpp; path = opencv.mm; sourceTree = "<group>"; };
		353EF60A1E4CA5AB00EB8041 /* opencv2.framework */ = {isa = PBXFileReference; lastKnownFileType = wrapper.framework; path = opencv2.framework; sourceTree = "<group>"; };
		353EF60B1E4CA5AB00EB8041 /* operations-and-indexing.m */ = {isa = PBXFileReference; fileEncoding = 4; lastKnownFileType = sourcecode.c.objc; path = "operations-and-indexing.m"; sourceTree = "<group>"; };
		353EF60C1E4CA5AB00EB8041 /* swix-Bridging-Header.h */ = {isa = PBXFileReference; fileEncoding = 4; lastKnownFileType = sourcecode.c.h; path = "swix-Bridging-Header.h"; sourceTree = "<group>"; };
		353EF60D1E4CA5AB00EB8041 /* ScalarArithmetic-bleed.swift */ = {isa = PBXFileReference; fileEncoding = 4; lastKnownFileType = sourcecode.swift; path = "ScalarArithmetic-bleed.swift"; sourceTree = "<group>"; };
		353EF60F1E4CA5AB00EB8041 /* speed.swift */ = {isa = PBXFileReference; fileEncoding = 4; lastKnownFileType = sourcecode.swift; path = speed.swift; sourceTree = "<group>"; };
		353EF6101E4CA5AB00EB8041 /* tests.swift */ = {isa = PBXFileReference; fileEncoding = 4; lastKnownFileType = sourcecode.swift; path = tests.swift; sourceTree = "<group>"; };
		353EF6121E4CA5AB00EB8041 /* complex-math.swift */ = {isa = PBXFileReference; fileEncoding = 4; lastKnownFileType = sourcecode.swift; path = "complex-math.swift"; sourceTree = "<group>"; };
		353EF6131E4CA5AB00EB8041 /* helper-functions.swift */ = {isa = PBXFileReference; fileEncoding = 4; lastKnownFileType = sourcecode.swift; path = "helper-functions.swift"; sourceTree = "<group>"; };
		353EF6141E4CA5AB00EB8041 /* initing.swift */ = {isa = PBXFileReference; fileEncoding = 4; lastKnownFileType = sourcecode.swift; path = initing.swift; sourceTree = "<group>"; };
		353EF6151E4CA5AB00EB8041 /* operators.swift */ = {isa = PBXFileReference; fileEncoding = 4; lastKnownFileType = sourcecode.swift; path = operators.swift; sourceTree = "<group>"; };
		353EF6161E4CA5AB00EB8041 /* simple-math.swift */ = {isa = PBXFileReference; fileEncoding = 4; lastKnownFileType = sourcecode.swift; path = "simple-math.swift"; sourceTree = "<group>"; };
		353EF6171E4CA5AB00EB8041 /* vector.swift */ = {isa = PBXFileReference; fileEncoding = 4; lastKnownFileType = sourcecode.swift; path = vector.swift; sourceTree = "<group>"; };
		353EF6321E4CA72F00EB8041 /* AudioEngine.swift */ = {isa = PBXFileReference; fileEncoding = 4; lastKnownFileType = sourcecode.swift; path = AudioEngine.swift; sourceTree = "<group>"; };
		353EF6341E4CA7B200EB8041 /* DSP.swift */ = {isa = PBXFileReference; fileEncoding = 4; lastKnownFileType = sourcecode.swift; path = DSP.swift; sourceTree = "<group>"; };
		354A92EF1E57213B004A5A01 /* C4iOS.xcodeproj */ = {isa = PBXFileReference; lastKnownFileType = "wrapper.pb-project"; name = C4iOS.xcodeproj; path = ../../../C4iOS/C4iOS.xcodeproj; sourceTree = "<group>"; };
		3596DA3C1E5335C500FD8562 /* AVTonePlayerUnit.swift */ = {isa = PBXFileReference; fileEncoding = 4; lastKnownFileType = sourcecode.swift; path = AVTonePlayerUnit.swift; sourceTree = "<group>"; };
		3596DA401E53408000FD8562 /* Helpers.swift */ = {isa = PBXFileReference; fileEncoding = 4; lastKnownFileType = sourcecode.swift; path = Helpers.swift; sourceTree = "<group>"; };
		3596DA441E534FFA00FD8562 /* Doppler.swift */ = {isa = PBXFileReference; fileEncoding = 4; lastKnownFileType = sourcecode.swift; path = Doppler.swift; sourceTree = "<group>"; };
		35A6E0DA1E53190D007BBFD3 /* Charts.xcodeproj */ = {isa = PBXFileReference; lastKnownFileType = "wrapper.pb-project"; name = Charts.xcodeproj; path = ../../../iOSLibraries/Charts/Charts.xcodeproj; sourceTree = "<group>"; };
		35B4D16C1E57427200C510FD /* Launch Screen2.storyboard */ = {isa = PBXFileReference; fileEncoding = 4; lastKnownFileType = file.storyboard; name = "Launch Screen2.storyboard"; path = "../Launch Screen2.storyboard"; sourceTree = "<group>"; };
/* End PBXFileReference section */

/* Begin PBXFrameworksBuildPhase section */
		353EF5C21E4CA58300EB8041 /* Frameworks */ = {
			isa = PBXFrameworksBuildPhase;
			buildActionMask = 2147483647;
			files = (
				35A6E0E61E53191F007BBFD3 /* Charts.framework in Frameworks */,
				353EF6271E4CA5AB00EB8041 /* opencv2.framework in Frameworks */,
				356AA0431E57256600D55917 /* C4.framework in Frameworks */,
			);
			runOnlyForDeploymentPostprocessing = 0;
		};
		353EF5D61E4CA58400EB8041 /* Frameworks */ = {
			isa = PBXFrameworksBuildPhase;
			buildActionMask = 2147483647;
			files = (
			);
			runOnlyForDeploymentPostprocessing = 0;
		};
		353EF5E11E4CA58400EB8041 /* Frameworks */ = {
			isa = PBXFrameworksBuildPhase;
			buildActionMask = 2147483647;
			files = (
			);
			runOnlyForDeploymentPostprocessing = 0;
		};
/* End PBXFrameworksBuildPhase section */

/* Begin PBXGroup section */
		353EF5BC1E4CA58300EB8041 = {
			isa = PBXGroup;
			children = (
				353EF5C71E4CA58300EB8041 /* Swix_DSP */,
				353EF5DC1E4CA58400EB8041 /* Swix_DSPTests */,
				353EF5E71E4CA58400EB8041 /* Swix_DSPUITests */,
				353EF5C61E4CA58300EB8041 /* Products */,
			);
			sourceTree = "<group>";
		};
		353EF5C61E4CA58300EB8041 /* Products */ = {
			isa = PBXGroup;
			children = (
				353EF5C51E4CA58300EB8041 /* Swix_DSP.app */,
				353EF5D91E4CA58400EB8041 /* Swix_DSPTests.xctest */,
				353EF5E41E4CA58400EB8041 /* Swix_DSPUITests.xctest */,
			);
			name = Products;
			sourceTree = "<group>";
		};
		353EF5C71E4CA58300EB8041 /* Swix_DSP */ = {
			isa = PBXGroup;
			children = (
				35A6E0DA1E53190D007BBFD3 /* Charts.xcodeproj */,
				353EF5F61E4CA5AB00EB8041 /* swix */,
				353EF5C81E4CA58300EB8041 /* AppDelegate.swift */,
				353EF5CA1E4CA58300EB8041 /* ViewController.swift */,
				353EF5CF1E4CA58300EB8041 /* Assets.xcassets */,
				353EF5CC1E4CA58300EB8041 /* Main.storyboard */,
				35B4D16C1E57427200C510FD /* Launch Screen2.storyboard */,
				353EF5D11E4CA58300EB8041 /* LaunchScreen.storyboard */,
				353EF5D41E4CA58300EB8041 /* Info.plist */,
				353EF6321E4CA72F00EB8041 /* AudioEngine.swift */,
				3596DA401E53408000FD8562 /* Helpers.swift */,
				3596DA3C1E5335C500FD8562 /* AVTonePlayerUnit.swift */,
				353EF6341E4CA7B200EB8041 /* DSP.swift */,
				3596DA441E534FFA00FD8562 /* Doppler.swift */,
				354A92EF1E57213B004A5A01 /* C4iOS.xcodeproj */,
			);
			path = Swix_DSP;
			sourceTree = "<group>";
		};
		353EF5DC1E4CA58400EB8041 /* Swix_DSPTests */ = {
			isa = PBXGroup;
			children = (
				353EF5DD1E4CA58400EB8041 /* Swix_DSPTests.swift */,
				353EF5DF1E4CA58400EB8041 /* Info.plist */,
			);
			path = Swix_DSPTests;
			sourceTree = "<group>";
		};
		353EF5E71E4CA58400EB8041 /* Swix_DSPUITests */ = {
			isa = PBXGroup;
			children = (
				353EF5E81E4CA58400EB8041 /* Swix_DSPUITests.swift */,
				353EF5EA1E4CA58400EB8041 /* Info.plist */,
			);
			path = Swix_DSPUITests;
			sourceTree = "<group>";
		};
		353EF5F61E4CA5AB00EB8041 /* swix */ = {
			isa = PBXGroup;
			children = (
				353EF5F71E4CA5AB00EB8041 /* imshow.py */,
				353EF5F81E4CA5AB00EB8041 /* io.swift */,
				353EF5F91E4CA5AB00EB8041 /* machine_learning */,
				353EF5FB1E4CA5AB00EB8041 /* matrix */,
				353EF6031E4CA5AB00EB8041 /* numbers.swift */,
				353EF6041E4CA5AB00EB8041 /* objc */,
				353EF60D1E4CA5AB00EB8041 /* ScalarArithmetic-bleed.swift */,
				353EF60E1E4CA5AB00EB8041 /* tests */,
				353EF6111E4CA5AB00EB8041 /* vector */,
			);
			path = swix;
			sourceTree = "<group>";
		};
		353EF5F91E4CA5AB00EB8041 /* machine_learning */ = {
			isa = PBXGroup;
			children = (
				353EF5FA1E4CA5AB00EB8041 /* machine_learning.swift */,
			);
			path = machine_learning;
			sourceTree = "<group>";
		};
		353EF5FB1E4CA5AB00EB8041 /* matrix */ = {
			isa = PBXGroup;
			children = (
				353EF5FC1E4CA5AB00EB8041 /* m-complex-math.swift */,
				353EF5FD1E4CA5AB00EB8041 /* m-helper-functions.swift */,
				353EF5FE1E4CA5AB00EB8041 /* m-image.swift */,
				353EF5FF1E4CA5AB00EB8041 /* m-initing.swift */,
				353EF6001E4CA5AB00EB8041 /* m-matrix.swift */,
				353EF6011E4CA5AB00EB8041 /* m-operators.swift */,
				353EF6021E4CA5AB00EB8041 /* m-simple-math.swift */,
			);
			path = matrix;
			sourceTree = "<group>";
		};
		353EF6041E4CA5AB00EB8041 /* objc */ = {
			isa = PBXGroup;
			children = (
				353EF6051E4CA5AB00EB8041 /* conversion.swift */,
				353EF6061E4CA5AB00EB8041 /* machine_learning.mm */,
				353EF6071E4CA5AB00EB8041 /* math.m */,
				353EF6081E4CA5AB00EB8041 /* OpenCV.h */,
				353EF6091E4CA5AB00EB8041 /* opencv.mm */,
				353EF60A1E4CA5AB00EB8041 /* opencv2.framework */,
				353EF60B1E4CA5AB00EB8041 /* operations-and-indexing.m */,
				353EF60C1E4CA5AB00EB8041 /* swix-Bridging-Header.h */,
			);
			path = objc;
			sourceTree = "<group>";
		};
		353EF60E1E4CA5AB00EB8041 /* tests */ = {
			isa = PBXGroup;
			children = (
				353EF60F1E4CA5AB00EB8041 /* speed.swift */,
				353EF6101E4CA5AB00EB8041 /* tests.swift */,
			);
			path = tests;
			sourceTree = "<group>";
		};
		353EF6111E4CA5AB00EB8041 /* vector */ = {
			isa = PBXGroup;
			children = (
				353EF6121E4CA5AB00EB8041 /* complex-math.swift */,
				353EF6131E4CA5AB00EB8041 /* helper-functions.swift */,
				353EF6141E4CA5AB00EB8041 /* initing.swift */,
				353EF6151E4CA5AB00EB8041 /* operators.swift */,
				353EF6161E4CA5AB00EB8041 /* simple-math.swift */,
				353EF6171E4CA5AB00EB8041 /* vector.swift */,
			);
			path = vector;
			sourceTree = "<group>";
		};
		354A92F01E57213B004A5A01 /* Products */ = {
			isa = PBXGroup;
			children = (
				354A92F61E57213B004A5A01 /* C4.framework */,
				354A92F81E57213B004A5A01 /* C4Tests.xctest */,
				354A92FA1E57213B004A5A01 /* C4App.app */,
			);
			name = Products;
			sourceTree = "<group>";
		};
		35A6E0DB1E53190D007BBFD3 /* Products */ = {
			isa = PBXGroup;
			children = (
				35A6E0E11E53190D007BBFD3 /* Charts.framework */,
				35A6E0E31E53190D007BBFD3 /* ChartsRealm.framework */,
				35A6E0E51E53190D007BBFD3 /* ChartsTests.xctest */,
			);
			name = Products;
			sourceTree = "<group>";
		};
/* End PBXGroup section */

/* Begin PBXNativeTarget section */
		353EF5C41E4CA58300EB8041 /* Swix_DSP */ = {
			isa = PBXNativeTarget;
			buildConfigurationList = 353EF5ED1E4CA58400EB8041 /* Build configuration list for PBXNativeTarget "Swix_DSP" */;
			buildPhases = (
				353EF5C11E4CA58300EB8041 /* Sources */,
				353EF5C21E4CA58300EB8041 /* Frameworks */,
				353EF5C31E4CA58300EB8041 /* Resources */,
				358DC2771E53041700379F5D /* Embed Frameworks */,
			);
			buildRules = (
			);
			dependencies = (
				35A6E0E91E53191F007BBFD3 /* PBXTargetDependency */,
				356AA0461E57256600D55917 /* PBXTargetDependency */,
			);
			name = Swix_DSP;
			productName = Swix_DSP;
			productReference = 353EF5C51E4CA58300EB8041 /* Swix_DSP.app */;
			productType = "com.apple.product-type.application";
		};
		353EF5D81E4CA58400EB8041 /* Swix_DSPTests */ = {
			isa = PBXNativeTarget;
			buildConfigurationList = 353EF5F01E4CA58400EB8041 /* Build configuration list for PBXNativeTarget "Swix_DSPTests" */;
			buildPhases = (
				353EF5D51E4CA58400EB8041 /* Sources */,
				353EF5D61E4CA58400EB8041 /* Frameworks */,
				353EF5D71E4CA58400EB8041 /* Resources */,
			);
			buildRules = (
			);
			dependencies = (
				353EF5DB1E4CA58400EB8041 /* PBXTargetDependency */,
			);
			name = Swix_DSPTests;
			productName = Swix_DSPTests;
			productReference = 353EF5D91E4CA58400EB8041 /* Swix_DSPTests.xctest */;
			productType = "com.apple.product-type.bundle.unit-test";
		};
		353EF5E31E4CA58400EB8041 /* Swix_DSPUITests */ = {
			isa = PBXNativeTarget;
			buildConfigurationList = 353EF5F31E4CA58400EB8041 /* Build configuration list for PBXNativeTarget "Swix_DSPUITests" */;
			buildPhases = (
				353EF5E01E4CA58400EB8041 /* Sources */,
				353EF5E11E4CA58400EB8041 /* Frameworks */,
				353EF5E21E4CA58400EB8041 /* Resources */,
			);
			buildRules = (
			);
			dependencies = (
				353EF5E61E4CA58400EB8041 /* PBXTargetDependency */,
			);
			name = Swix_DSPUITests;
			productName = Swix_DSPUITests;
			productReference = 353EF5E41E4CA58400EB8041 /* Swix_DSPUITests.xctest */;
			productType = "com.apple.product-type.bundle.ui-testing";
		};
/* End PBXNativeTarget section */

/* Begin PBXProject section */
		353EF5BD1E4CA58300EB8041 /* Project object */ = {
			isa = PBXProject;
			attributes = {
				LastSwiftUpdateCheck = 0820;
				LastUpgradeCheck = 0820;
				ORGANIZATIONNAME = "MOBGEN:Lab";
				TargetAttributes = {
					353EF5C41E4CA58300EB8041 = {
						CreatedOnToolsVersion = 8.2.1;
						DevelopmentTeam = 4DWNK4MCTP;
						ProvisioningStyle = Automatic;
					};
					353EF5D81E4CA58400EB8041 = {
						CreatedOnToolsVersion = 8.2.1;
						DevelopmentTeam = 4DWNK4MCTP;
						ProvisioningStyle = Automatic;
						TestTargetID = 353EF5C41E4CA58300EB8041;
					};
					353EF5E31E4CA58400EB8041 = {
						CreatedOnToolsVersion = 8.2.1;
						DevelopmentTeam = 4DWNK4MCTP;
						ProvisioningStyle = Automatic;
						TestTargetID = 353EF5C41E4CA58300EB8041;
					};
				};
			};
			buildConfigurationList = 353EF5C01E4CA58300EB8041 /* Build configuration list for PBXProject "Swix_DSP" */;
			compatibilityVersion = "Xcode 3.2";
			developmentRegion = English;
			hasScannedForEncodings = 0;
			knownRegions = (
				en,
				Base,
			);
			mainGroup = 353EF5BC1E4CA58300EB8041;
			productRefGroup = 353EF5C61E4CA58300EB8041 /* Products */;
			projectDirPath = "";
			projectReferences = (
				{
					ProductGroup = 354A92F01E57213B004A5A01 /* Products */;
					ProjectRef = 354A92EF1E57213B004A5A01 /* C4iOS.xcodeproj */;
				},
				{
					ProductGroup = 35A6E0DB1E53190D007BBFD3 /* Products */;
					ProjectRef = 35A6E0DA1E53190D007BBFD3 /* Charts.xcodeproj */;
				},
			);
			projectRoot = "";
			targets = (
				353EF5C41E4CA58300EB8041 /* Swix_DSP */,
				353EF5D81E4CA58400EB8041 /* Swix_DSPTests */,
				353EF5E31E4CA58400EB8041 /* Swix_DSPUITests */,
			);
		};
/* End PBXProject section */

/* Begin PBXReferenceProxy section */
		354A92F61E57213B004A5A01 /* C4.framework */ = {
			isa = PBXReferenceProxy;
			fileType = wrapper.framework;
			path = C4.framework;
			remoteRef = 354A92F51E57213B004A5A01 /* PBXContainerItemProxy */;
			sourceTree = BUILT_PRODUCTS_DIR;
		};
		354A92F81E57213B004A5A01 /* C4Tests.xctest */ = {
			isa = PBXReferenceProxy;
			fileType = wrapper.cfbundle;
			path = C4Tests.xctest;
			remoteRef = 354A92F71E57213B004A5A01 /* PBXContainerItemProxy */;
			sourceTree = BUILT_PRODUCTS_DIR;
		};
		354A92FA1E57213B004A5A01 /* C4App.app */ = {
			isa = PBXReferenceProxy;
			fileType = wrapper.application;
			path = C4App.app;
			remoteRef = 354A92F91E57213B004A5A01 /* PBXContainerItemProxy */;
			sourceTree = BUILT_PRODUCTS_DIR;
		};
		35A6E0E11E53190D007BBFD3 /* Charts.framework */ = {
			isa = PBXReferenceProxy;
			fileType = wrapper.framework;
			path = Charts.framework;
			remoteRef = 35A6E0E01E53190D007BBFD3 /* PBXContainerItemProxy */;
			sourceTree = BUILT_PRODUCTS_DIR;
		};
		35A6E0E31E53190D007BBFD3 /* ChartsRealm.framework */ = {
			isa = PBXReferenceProxy;
			fileType = wrapper.framework;
			path = ChartsRealm.framework;
			remoteRef = 35A6E0E21E53190D007BBFD3 /* PBXContainerItemProxy */;
			sourceTree = BUILT_PRODUCTS_DIR;
		};
		35A6E0E51E53190D007BBFD3 /* ChartsTests.xctest */ = {
			isa = PBXReferenceProxy;
			fileType = wrapper.cfbundle;
			path = ChartsTests.xctest;
			remoteRef = 35A6E0E41E53190D007BBFD3 /* PBXContainerItemProxy */;
			sourceTree = BUILT_PRODUCTS_DIR;
		};
/* End PBXReferenceProxy section */

/* Begin PBXResourcesBuildPhase section */
		353EF5C31E4CA58300EB8041 /* Resources */ = {
			isa = PBXResourcesBuildPhase;
			buildActionMask = 2147483647;
			files = (
				353EF5D31E4CA58300EB8041 /* LaunchScreen.storyboard in Resources */,
				353EF5D01E4CA58300EB8041 /* Assets.xcassets in Resources */,
				353EF5CE1E4CA58300EB8041 /* Main.storyboard in Resources */,
				353EF6181E4CA5AB00EB8041 /* imshow.py in Resources */,
				35B4D16D1E57427200C510FD /* Launch Screen2.storyboard in Resources */,
			);
			runOnlyForDeploymentPostprocessing = 0;
		};
		353EF5D71E4CA58400EB8041 /* Resources */ = {
			isa = PBXResourcesBuildPhase;
			buildActionMask = 2147483647;
			files = (
			);
			runOnlyForDeploymentPostprocessing = 0;
		};
		353EF5E21E4CA58400EB8041 /* Resources */ = {
			isa = PBXResourcesBuildPhase;
			buildActionMask = 2147483647;
			files = (
			);
			runOnlyForDeploymentPostprocessing = 0;
		};
/* End PBXResourcesBuildPhase section */

/* Begin PBXSourcesBuildPhase section */
		353EF5C11E4CA58300EB8041 /* Sources */ = {
			isa = PBXSourcesBuildPhase;
			buildActionMask = 2147483647;
			files = (
				353EF6251E4CA5AB00EB8041 /* math.m in Sources */,
				353EF62B1E4CA5AB00EB8041 /* tests.swift in Sources */,
				353EF62A1E4CA5AB00EB8041 /* speed.swift in Sources */,
				353EF6221E4CA5AB00EB8041 /* numbers.swift in Sources */,
				353EF5CB1E4CA58300EB8041 /* ViewController.swift in Sources */,
				353EF6211E4CA5AB00EB8041 /* m-simple-math.swift in Sources */,
				353EF61F1E4CA5AB00EB8041 /* m-matrix.swift in Sources */,
				353EF6351E4CA7B200EB8041 /* DSP.swift in Sources */,
				353EF62D1E4CA5AB00EB8041 /* helper-functions.swift in Sources */,
				3596DA451E534FFA00FD8562 /* Doppler.swift in Sources */,
				353EF6311E4CA5AB00EB8041 /* vector.swift in Sources */,
				353EF6331E4CA72F00EB8041 /* AudioEngine.swift in Sources */,
				353EF61C1E4CA5AB00EB8041 /* m-helper-functions.swift in Sources */,
				353EF6281E4CA5AB00EB8041 /* operations-and-indexing.m in Sources */,
				3596DA411E53408000FD8562 /* Helpers.swift in Sources */,
				353EF61D1E4CA5AB00EB8041 /* m-image.swift in Sources */,
				353EF62E1E4CA5AB00EB8041 /* initing.swift in Sources */,
				353EF6291E4CA5AB00EB8041 /* ScalarArithmetic-bleed.swift in Sources */,
				353EF61A1E4CA5AB00EB8041 /* machine_learning.swift in Sources */,
				353EF6231E4CA5AB00EB8041 /* conversion.swift in Sources */,
				353EF6201E4CA5AB00EB8041 /* m-operators.swift in Sources */,
				353EF6191E4CA5AB00EB8041 /* io.swift in Sources */,
				353EF62F1E4CA5AB00EB8041 /* operators.swift in Sources */,
				353EF5C91E4CA58300EB8041 /* AppDelegate.swift in Sources */,
				353EF6261E4CA5AB00EB8041 /* opencv.mm in Sources */,
				353EF61E1E4CA5AB00EB8041 /* m-initing.swift in Sources */,
				353EF61B1E4CA5AB00EB8041 /* m-complex-math.swift in Sources */,
				3596DA3D1E5335C500FD8562 /* AVTonePlayerUnit.swift in Sources */,
				353EF6241E4CA5AB00EB8041 /* machine_learning.mm in Sources */,
				353EF62C1E4CA5AB00EB8041 /* complex-math.swift in Sources */,
				353EF6301E4CA5AB00EB8041 /* simple-math.swift in Sources */,
			);
			runOnlyForDeploymentPostprocessing = 0;
		};
		353EF5D51E4CA58400EB8041 /* Sources */ = {
			isa = PBXSourcesBuildPhase;
			buildActionMask = 2147483647;
			files = (
				353EF5DE1E4CA58400EB8041 /* Swix_DSPTests.swift in Sources */,
			);
			runOnlyForDeploymentPostprocessing = 0;
		};
		353EF5E01E4CA58400EB8041 /* Sources */ = {
			isa = PBXSourcesBuildPhase;
			buildActionMask = 2147483647;
			files = (
				353EF5E91E4CA58400EB8041 /* Swix_DSPUITests.swift in Sources */,
			);
			runOnlyForDeploymentPostprocessing = 0;
		};
/* End PBXSourcesBuildPhase section */

/* Begin PBXTargetDependency section */
		353EF5DB1E4CA58400EB8041 /* PBXTargetDependency */ = {
			isa = PBXTargetDependency;
			target = 353EF5C41E4CA58300EB8041 /* Swix_DSP */;
			targetProxy = 353EF5DA1E4CA58400EB8041 /* PBXContainerItemProxy */;
		};
		353EF5E61E4CA58400EB8041 /* PBXTargetDependency */ = {
			isa = PBXTargetDependency;
			target = 353EF5C41E4CA58300EB8041 /* Swix_DSP */;
			targetProxy = 353EF5E51E4CA58400EB8041 /* PBXContainerItemProxy */;
		};
		356AA0461E57256600D55917 /* PBXTargetDependency */ = {
			isa = PBXTargetDependency;
			name = C4;
			targetProxy = 356AA0451E57256600D55917 /* PBXContainerItemProxy */;
		};
		35A6E0E91E53191F007BBFD3 /* PBXTargetDependency */ = {
			isa = PBXTargetDependency;
			name = Charts;
			targetProxy = 35A6E0E81E53191F007BBFD3 /* PBXContainerItemProxy */;
		};
/* End PBXTargetDependency section */

/* Begin PBXVariantGroup section */
		353EF5CC1E4CA58300EB8041 /* Main.storyboard */ = {
			isa = PBXVariantGroup;
			children = (
				353EF5CD1E4CA58300EB8041 /* Base */,
			);
			name = Main.storyboard;
			sourceTree = "<group>";
		};
		353EF5D11E4CA58300EB8041 /* LaunchScreen.storyboard */ = {
			isa = PBXVariantGroup;
			children = (
				353EF5D21E4CA58300EB8041 /* Base */,
			);
			name = LaunchScreen.storyboard;
			sourceTree = "<group>";
		};
/* End PBXVariantGroup section */

/* Begin XCBuildConfiguration section */
		353EF5EB1E4CA58400EB8041 /* Debug */ = {
			isa = XCBuildConfiguration;
			buildSettings = {
				ALWAYS_SEARCH_USER_PATHS = NO;
				CLANG_ANALYZER_NONNULL = YES;
				CLANG_CXX_LANGUAGE_STANDARD = "gnu++0x";
				CLANG_CXX_LIBRARY = "libc++";
				CLANG_ENABLE_MODULES = YES;
				CLANG_ENABLE_OBJC_ARC = YES;
				CLANG_WARN_BOOL_CONVERSION = YES;
				CLANG_WARN_CONSTANT_CONVERSION = YES;
				CLANG_WARN_DIRECT_OBJC_ISA_USAGE = YES_ERROR;
				CLANG_WARN_DOCUMENTATION_COMMENTS = YES;
				CLANG_WARN_EMPTY_BODY = YES;
				CLANG_WARN_ENUM_CONVERSION = YES;
				CLANG_WARN_INFINITE_RECURSION = YES;
				CLANG_WARN_INT_CONVERSION = YES;
				CLANG_WARN_OBJC_ROOT_CLASS = YES_ERROR;
				CLANG_WARN_SUSPICIOUS_MOVE = YES;
				CLANG_WARN_UNREACHABLE_CODE = YES;
				CLANG_WARN__DUPLICATE_METHOD_MATCH = YES;
				"CODE_SIGN_IDENTITY[sdk=iphoneos*]" = "iPhone Developer";
				COPY_PHASE_STRIP = NO;
				DEBUG_INFORMATION_FORMAT = dwarf;
				ENABLE_STRICT_OBJC_MSGSEND = YES;
				ENABLE_TESTABILITY = YES;
				GCC_C_LANGUAGE_STANDARD = gnu99;
				GCC_DYNAMIC_NO_PIC = NO;
				GCC_NO_COMMON_BLOCKS = YES;
				GCC_OPTIMIZATION_LEVEL = 0;
				GCC_PREPROCESSOR_DEFINITIONS = (
					"DEBUG=1",
					"$(inherited)",
				);
				GCC_WARN_64_TO_32_BIT_CONVERSION = YES;
				GCC_WARN_ABOUT_RETURN_TYPE = YES_ERROR;
				GCC_WARN_UNDECLARED_SELECTOR = YES;
				GCC_WARN_UNINITIALIZED_AUTOS = YES_AGGRESSIVE;
				GCC_WARN_UNUSED_FUNCTION = YES;
				GCC_WARN_UNUSED_VARIABLE = YES;
				IPHONEOS_DEPLOYMENT_TARGET = 10.2;
				MTL_ENABLE_DEBUG_INFO = YES;
				ONLY_ACTIVE_ARCH = YES;
				SDKROOT = iphoneos;
				SWIFT_ACTIVE_COMPILATION_CONDITIONS = DEBUG;
				SWIFT_OBJC_BRIDGING_HEADER = "swix/objc/swix-Bridging-Header.h";
				SWIFT_OPTIMIZATION_LEVEL = "-Onone";
				TARGETED_DEVICE_FAMILY = "1,2";
			};
			name = Debug;
		};
		353EF5EC1E4CA58400EB8041 /* Release */ = {
			isa = XCBuildConfiguration;
			buildSettings = {
				ALWAYS_SEARCH_USER_PATHS = NO;
				CLANG_ANALYZER_NONNULL = YES;
				CLANG_CXX_LANGUAGE_STANDARD = "gnu++0x";
				CLANG_CXX_LIBRARY = "libc++";
				CLANG_ENABLE_MODULES = YES;
				CLANG_ENABLE_OBJC_ARC = YES;
				CLANG_WARN_BOOL_CONVERSION = YES;
				CLANG_WARN_CONSTANT_CONVERSION = YES;
				CLANG_WARN_DIRECT_OBJC_ISA_USAGE = YES_ERROR;
				CLANG_WARN_DOCUMENTATION_COMMENTS = YES;
				CLANG_WARN_EMPTY_BODY = YES;
				CLANG_WARN_ENUM_CONVERSION = YES;
				CLANG_WARN_INFINITE_RECURSION = YES;
				CLANG_WARN_INT_CONVERSION = YES;
				CLANG_WARN_OBJC_ROOT_CLASS = YES_ERROR;
				CLANG_WARN_SUSPICIOUS_MOVE = YES;
				CLANG_WARN_UNREACHABLE_CODE = YES;
				CLANG_WARN__DUPLICATE_METHOD_MATCH = YES;
				"CODE_SIGN_IDENTITY[sdk=iphoneos*]" = "iPhone Developer";
				COPY_PHASE_STRIP = NO;
				DEBUG_INFORMATION_FORMAT = "dwarf-with-dsym";
				ENABLE_NS_ASSERTIONS = NO;
				ENABLE_STRICT_OBJC_MSGSEND = YES;
				GCC_C_LANGUAGE_STANDARD = gnu99;
				GCC_NO_COMMON_BLOCKS = YES;
				GCC_WARN_64_TO_32_BIT_CONVERSION = YES;
				GCC_WARN_ABOUT_RETURN_TYPE = YES_ERROR;
				GCC_WARN_UNDECLARED_SELECTOR = YES;
				GCC_WARN_UNINITIALIZED_AUTOS = YES_AGGRESSIVE;
				GCC_WARN_UNUSED_FUNCTION = YES;
				GCC_WARN_UNUSED_VARIABLE = YES;
				IPHONEOS_DEPLOYMENT_TARGET = 10.2;
				MTL_ENABLE_DEBUG_INFO = NO;
				SDKROOT = iphoneos;
				SWIFT_OBJC_BRIDGING_HEADER = "swix/objc/swix-Bridging-Header.h";
				SWIFT_OPTIMIZATION_LEVEL = "-Owholemodule";
				TARGETED_DEVICE_FAMILY = "1,2";
				VALIDATE_PRODUCT = YES;
			};
			name = Release;
		};
		353EF5EE1E4CA58400EB8041 /* Debug */ = {
			isa = XCBuildConfiguration;
			buildSettings = {
				ALWAYS_EMBED_SWIFT_STANDARD_LIBRARIES = YES;
				ASSETCATALOG_COMPILER_APPICON_NAME = AppIcon;
				DEVELOPMENT_TEAM = 4DWNK4MCTP;
				ENABLE_BITCODE = NO;
				FRAMEWORK_SEARCH_PATHS = (
					"$(inherited)",
					"$(PROJECT_DIR)/Swix_DSP/swix/objc",
					"$(PROJECT_DIR)/Swix_DSP",
					"$(PROJECT_DIR)/Carthage/Build/iOS",
				);
				INFOPLIST_FILE = Swix_DSP/Info.plist;
				IPHONEOS_DEPLOYMENT_TARGET = 10.0;
				LD_RUNPATH_SEARCH_PATHS = "$(inherited) @executable_path/Frameworks";
				PRODUCT_BUNDLE_IDENTIFIER = "com.mobgen.Swix-DSP";
				PRODUCT_NAME = "$(TARGET_NAME)";
				SWIFT_OBJC_BRIDGING_HEADER = "Swix_DSP/swix/objc/swix-Bridging-Header.h";
				SWIFT_VERSION = 3.0;
			};
			name = Debug;
		};
		353EF5EF1E4CA58400EB8041 /* Release */ = {
			isa = XCBuildConfiguration;
			buildSettings = {
				ALWAYS_EMBED_SWIFT_STANDARD_LIBRARIES = YES;
				ASSETCATALOG_COMPILER_APPICON_NAME = AppIcon;
				DEVELOPMENT_TEAM = 4DWNK4MCTP;
				ENABLE_BITCODE = NO;
				FRAMEWORK_SEARCH_PATHS = (
					"$(inherited)",
					"$(PROJECT_DIR)/Swix_DSP/swix/objc",
					"$(PROJECT_DIR)/Swix_DSP",
					"$(PROJECT_DIR)/Carthage/Build/iOS",
				);
				INFOPLIST_FILE = Swix_DSP/Info.plist;
				IPHONEOS_DEPLOYMENT_TARGET = 10.0;
				LD_RUNPATH_SEARCH_PATHS = "$(inherited) @executable_path/Frameworks";
				PRODUCT_BUNDLE_IDENTIFIER = "com.mobgen.Swix-DSP";
				PRODUCT_NAME = "$(TARGET_NAME)";
				SWIFT_OBJC_BRIDGING_HEADER = "Swix_DSP/swix/objc/swix-Bridging-Header.h";
				SWIFT_VERSION = 3.0;
			};
			name = Release;
		};
		353EF5F11E4CA58400EB8041 /* Debug */ = {
			isa = XCBuildConfiguration;
			buildSettings = {
				ALWAYS_EMBED_SWIFT_STANDARD_LIBRARIES = YES;
				BUNDLE_LOADER = "$(TEST_HOST)";
				DEVELOPMENT_TEAM = 4DWNK4MCTP;
				INFOPLIST_FILE = Swix_DSPTests/Info.plist;
				LD_RUNPATH_SEARCH_PATHS = "$(inherited) @executable_path/Frameworks @loader_path/Frameworks";
				PRODUCT_BUNDLE_IDENTIFIER = "com.mobgen.Swix-DSPTests";
				PRODUCT_NAME = "$(TARGET_NAME)";
				SWIFT_VERSION = 3.0;
				TEST_HOST = "$(BUILT_PRODUCTS_DIR)/Swix_DSP.app/Swix_DSP";
			};
			name = Debug;
		};
		353EF5F21E4CA58400EB8041 /* Release */ = {
			isa = XCBuildConfiguration;
			buildSettings = {
				ALWAYS_EMBED_SWIFT_STANDARD_LIBRARIES = YES;
				BUNDLE_LOADER = "$(TEST_HOST)";
				DEVELOPMENT_TEAM = 4DWNK4MCTP;
				INFOPLIST_FILE = Swix_DSPTests/Info.plist;
				LD_RUNPATH_SEARCH_PATHS = "$(inherited) @executable_path/Frameworks @loader_path/Frameworks";
				PRODUCT_BUNDLE_IDENTIFIER = "com.mobgen.Swix-DSPTests";
				PRODUCT_NAME = "$(TARGET_NAME)";
				SWIFT_VERSION = 3.0;
				TEST_HOST = "$(BUILT_PRODUCTS_DIR)/Swix_DSP.app/Swix_DSP";
			};
			name = Release;
		};
		353EF5F41E4CA58400EB8041 /* Debug */ = {
			isa = XCBuildConfiguration;
			buildSettings = {
				ALWAYS_EMBED_SWIFT_STANDARD_LIBRARIES = YES;
				DEVELOPMENT_TEAM = 4DWNK4MCTP;
				INFOPLIST_FILE = Swix_DSPUITests/Info.plist;
				LD_RUNPATH_SEARCH_PATHS = "$(inherited) @executable_path/Frameworks @loader_path/Frameworks";
				PRODUCT_BUNDLE_IDENTIFIER = "com.mobgen.Swix-DSPUITests";
				PRODUCT_NAME = "$(TARGET_NAME)";
				SWIFT_VERSION = 3.0;
				TEST_TARGET_NAME = Swix_DSP;
			};
			name = Debug;
		};
		353EF5F51E4CA58400EB8041 /* Release */ = {
			isa = XCBuildConfiguration;
			buildSettings = {
				ALWAYS_EMBED_SWIFT_STANDARD_LIBRARIES = YES;
				DEVELOPMENT_TEAM = 4DWNK4MCTP;
				INFOPLIST_FILE = Swix_DSPUITests/Info.plist;
				LD_RUNPATH_SEARCH_PATHS = "$(inherited) @executable_path/Frameworks @loader_path/Frameworks";
				PRODUCT_BUNDLE_IDENTIFIER = "com.mobgen.Swix-DSPUITests";
				PRODUCT_NAME = "$(TARGET_NAME)";
				SWIFT_VERSION = 3.0;
				TEST_TARGET_NAME = Swix_DSP;
			};
			name = Release;
		};
/* End XCBuildConfiguration section */

/* Begin XCConfigurationList section */
		353EF5C01E4CA58300EB8041 /* Build configuration list for PBXProject "Swix_DSP" */ = {
			isa = XCConfigurationList;
			buildConfigurations = (
				353EF5EB1E4CA58400EB8041 /* Debug */,
				353EF5EC1E4CA58400EB8041 /* Release */,
			);
			defaultConfigurationIsVisible = 0;
			defaultConfigurationName = Release;
		};
		353EF5ED1E4CA58400EB8041 /* Build configuration list for PBXNativeTarget "Swix_DSP" */ = {
			isa = XCConfigurationList;
			buildConfigurations = (
				353EF5EE1E4CA58400EB8041 /* Debug */,
				353EF5EF1E4CA58400EB8041 /* Release */,
			);
			defaultConfigurationIsVisible = 0;
			defaultConfigurationName = Release;
		};
		353EF5F01E4CA58400EB8041 /* Build configuration list for PBXNativeTarget "Swix_DSPTests" */ = {
			isa = XCConfigurationList;
			buildConfigurations = (
				353EF5F11E4CA58400EB8041 /* Debug */,
				353EF5F21E4CA58400EB8041 /* Release */,
			);
			defaultConfigurationIsVisible = 0;
			defaultConfigurationName = Release;
		};
		353EF5F31E4CA58400EB8041 /* Build configuration list for PBXNativeTarget "Swix_DSPUITests" */ = {
			isa = XCConfigurationList;
			buildConfigurations = (
				353EF5F41E4CA58400EB8041 /* Debug */,
				353EF5F51E4CA58400EB8041 /* Release */,
			);
			defaultConfigurationIsVisible = 0;
			defaultConfigurationName = Release;
		};
/* End XCConfigurationList section */
	};
	rootObject = 353EF5BD1E4CA58300EB8041 /* Project object */;
}
